
Microsoft Visual Studio Solution File, Format Version 12.00
# Visual Studio Version 16
VisualStudioVersion = 16.0.29806.167
MinimumVisualStudioVersion = 10.0.40219.1
Project("{9A19103F-16F7-4668-BE54-9A1E7A4F7556}") = "BoatRentSolution", "BoatRentSolution.csproj", "{1D365380-37C1-4122-AF30-D899B9FC0020}"
EndProject
Project("{FAE04EC0-301F-11D3-BF4B-00C04F79EFBC}") = "BoatRentSolution.Data", "..\BoatRentSolution.Data\BoatRentSolution.Data.csproj", "{01909356-7667-4C59-B590-412994C4AE21}"
EndProject
Project("{FAE04EC0-301F-11D3-BF4B-00C04F79EFBC}") = "BoatRentSolution.Repository", "..\BoatRentSolution.Repository\BoatRentSolution.Repository.csproj", "{6C0B015B-B744-4FA8-A387-54AFF807B348}"
EndProject
Project("{FAE04EC0-301F-11D3-BF4B-00C04F79EFBC}") = "BoatRentSolution.Service", "..\BoatRentSolution.Service\BoatRentSolution.Service.csproj", "{68FB4CE1-5DAF-4825-98C0-D0BD6D92B303}"
EndProject
Global
	GlobalSection(SolutionConfigurationPlatforms) = preSolution
		Debug|Any CPU = Debug|Any CPU
		Release|Any CPU = Release|Any CPU
	EndGlobalSection
	GlobalSection(ProjectConfigurationPlatforms) = postSolution
		{1D365380-37C1-4122-AF30-D899B9FC0020}.Debug|Any CPU.ActiveCfg = Debug|Any CPU
		{1D365380-37C1-4122-AF30-D899B9FC0020}.Debug|Any CPU.Build.0 = Debug|Any CPU
		{1D365380-37C1-4122-AF30-D899B9FC0020}.Release|Any CPU.ActiveCfg = Release|Any CPU
		{1D365380-37C1-4122-AF30-D899B9FC0020}.Release|Any CPU.Build.0 = Release|Any CPU
		{01909356-7667-4C59-B590-412994C4AE21}.Debug|Any CPU.ActiveCfg = Debug|Any CPU
		{01909356-7667-4C59-B590-412994C4AE21}.Debug|Any CPU.Build.0 = Debug|Any CPU
		{01909356-7667-4C59-B590-412994C4AE21}.Release|Any CPU.ActiveCfg = Release|Any CPU
		{01909356-7667-4C59-B590-412994C4AE21}.Release|Any CPU.Build.0 = Release|Any CPU
		{6C0B015B-B744-4FA8-A387-54AFF807B348}.Debug|Any CPU.ActiveCfg = Debug|Any CPU
		{6C0B015B-B744-4FA8-A387-54AFF807B348}.Debug|Any CPU.Build.0 = Debug|Any CPU
		{6C0B015B-B744-4FA8-A387-54AFF807B348}.Release|Any CPU.ActiveCfg = Release|Any CPU
		{6C0B015B-B744-4FA8-A387-54AFF807B348}.Release|Any CPU.Build.0 = Release|Any CPU
		{68FB4CE1-5DAF-4825-98C0-D0BD6D92B303}.Debug|Any CPU.ActiveCfg = Debug|Any CPU
		{68FB4CE1-5DAF-4825-98C0-D0BD6D92B303}.Debug|Any CPU.Build.0 = Debug|Any CPU
		{68FB4CE1-5DAF-4825-98C0-D0BD6D92B303}.Release|Any CPU.ActiveCfg = Release|Any CPU
		{68FB4CE1-5DAF-4825-98C0-D0BD6D92B303}.Release|Any CPU.Build.0 = Release|Any CPU
	EndGlobalSection
	GlobalSection(SolutionProperties) = preSolution
		HideSolutionNode = FALSE
	EndGlobalSection
	GlobalSection(ExtensibilityGlobals) = postSolution
		SolutionGuid = {DB604C16-ADC7-42DF-BCED-EE407EF56A9B}
	EndGlobalSection
EndGlobal
